{
  "name": "docs",
  "version": "1.0.0",
  "lockfileVersion": 2,
  "requires": true,
  "packages": {
    "": {
      "name": "docs",
      "version": "1.0.0",
      "license": "ISC",
      "dependencies": {
        "vue-template-compiler": "^2.7.3"
      },
      "devDependencies": {
        "vuepress-plugin-cursor-effects": "^1.1.6"
      }
    },
    "node_modules/@moefy-canvas/core": {
      "version": "0.5.2",
      "resolved": "https://registry.npmmirror.com/@moefy-canvas/core/-/core-0.5.2.tgz",
      "integrity": "sha512-XkaVE91Tiwb35zFmI1DbrJpMh0xe54QbzQrc7ATwMos4C08dxBnwExwXEVS7oEct7owVDY1UWxtRRVE7smtzHw==",
      "dev": true
    },
    "node_modules/@moefy-canvas/theme-popper": {
      "version": "0.5.2",
      "resolved": "https://registry.npmmirror.com/@moefy-canvas/theme-popper/-/theme-popper-0.5.2.tgz",
      "integrity": "sha512-s6Gy27DKTLm2un5Od3fsAonnd7lN4pgyLXJ/omXisAZpVLbPg/Q5/QKpJLZvQ/08qNrn6X/GZjnWwvsHbJTBNw==",
      "dev": true,
      "dependencies": {
        "@moefy-canvas/core": "^0.5.2",
        "@moefy-canvas/utils": "^0.5.2",
        "ts-debounce": "^4.0.0"
      }
    },
    "node_modules/@moefy-canvas/utils": {
      "version": "0.5.2",
      "resolved": "https://registry.npmmirror.com/@moefy-canvas/utils/-/utils-0.5.2.tgz",
      "integrity": "sha512-DnI8I/cTBFfn3xoXwyyLEtye4pMI6zJFMxU1qps731xgYTWmzBqJPkZZd/2gfNnH5NnLUOGG7Ui3sMkmJ0vg0w==",
      "dev": true,
      "dependencies": {
        "@moefy-canvas/core": "^0.5.2"
      }
    },
    "node_modules/de-indent": {
      "version": "1.0.2",
      "resolved": "https://registry.npmmirror.com/de-indent/-/de-indent-1.0.2.tgz",
      "integrity": "sha512-e/1zu3xH5MQryN2zdVaF0OrdNLUbvWxzMbi+iNA6Bky7l1RoP8a2fIbRocyHclXt/arDrrR6lL3TqFD9pMQTsg=="
    },
    "node_modules/he": {
      "version": "1.2.0",
      "resolved": "https://registry.npmmirror.com/he/-/he-1.2.0.tgz",
      "integrity": "sha512-F/1DnUGPopORZi0ni+CvrCgHQ5FyEAHRLSApuYWMmrbSwoN2Mn/7k+Gl38gJnR7yyDZk6WLXwiGod1JOWNDKGw==",
      "bin": {
        "he": "bin/he"
      }
    },
    "node_modules/ts-debounce": {
      "version": "4.0.0",
      "resolved": "https://registry.npmmirror.com/ts-debounce/-/ts-debounce-4.0.0.tgz",
      "integrity": "sha512-+1iDGY6NmOGidq7i7xZGA4cm8DAa6fqdYcvO5Z6yBevH++Bdo9Qt/mN0TzHUgcCcKv1gmh9+W5dHqz8pMWbCbg==",
      "dev": true
    },
    "node_modules/vue-template-compiler": {
      "version": "2.7.3",
      "resolved": "https://registry.npmmirror.com/vue-template-compiler/-/vue-template-compiler-2.7.3.tgz",
      "integrity": "sha512-QKcV4vj9akZ2zSD1+F7tci3aXpRe5DXU3TZ/ZWJPE9gInXD5UoV+Q2PrCaplj4IGIK8JXRHYaSvOXkOn7tg9Og==",
      "dependencies": {
        "de-indent": "^1.0.2",
        "he": "^1.2.0"
      }
    },
    "node_modules/vuepress-plugin-cursor-effects": {
      "version": "1.1.6",
      "resolved": "https://registry.npmmirror.com/vuepress-plugin-cursor-effects/-/vuepress-plugin-cursor-effects-1.1.6.tgz",
      "integrity": "sha512-4qXL2flMQcd6ecp+LhdChspobhdb9fkAfmRjRs2K3a/DiwtQtOE24jaVFCClwhfDpYuRe48a0KVeROYkdiWuXg==",
      "dev": true,
      "dependencies": {
        "@moefy-canvas/theme-popper": "^0.5.2"
      }
    }
  },
  "dependencies": {
    "@moefy-canvas/core": {
      "version": "0.5.2",
      "resolved": "https://registry.npmmirror.com/@moefy-canvas/core/-/core-0.5.2.tgz",
      "integrity": "sha512-XkaVE91Tiwb35zFmI1DbrJpMh0xe54QbzQrc7ATwMos4C08dxBnwExwXEVS7oEct7owVDY1UWxtRRVE7smtzHw==",
      "dev": true
    },
    "@moefy-canvas/theme-popper": {
      "version": "0.5.2",
      "resolved": "https://registry.npmmirror.com/@moefy-canvas/theme-popper/-/theme-popper-0.5.2.tgz",
      "integrity": "sha512-s6Gy27DKTLm2un5Od3fsAonnd7lN4pgyLXJ/omXisAZpVLbPg/Q5/QKpJLZvQ/08qNrn6X/GZjnWwvsHbJTBNw==",
      "dev": true,
      "requires": {
        "@moefy-canvas/core": "^0.5.2",
        "@moefy-canvas/utils": "^0.5.2",
        "ts-debounce": "^4.0.0"
      }
    },
    "@moefy-canvas/utils": {
      "version": "0.5.2",
      "resolved": "https://registry.npmmirror.com/@moefy-canvas/utils/-/utils-0.5.2.tgz",
      "integrity": "sha512-DnI8I/cTBFfn3xoXwyyLEtye4pMI6zJFMxU1qps731xgYTWmzBqJPkZZd/2gfNnH5NnLUOGG7Ui3sMkmJ0vg0w==",
      "dev": true,
      "requires": {
        "@moefy-canvas/core": "^0.5.2"
      }
    },
    "de-indent": {
      "version": "1.0.2",
      "resolved": "https://registry.npmmirror.com/de-indent/-/de-indent-1.0.2.tgz",
      "integrity": "sha512-e/1zu3xH5MQryN2zdVaF0OrdNLUbvWxzMbi+iNA6Bky7l1RoP8a2fIbRocyHclXt/arDrrR6lL3TqFD9pMQTsg=="
    },
    "he": {
      "version": "1.2.0",
      "resolved": "https://registry.npmmirror.com/he/-/he-1.2.0.tgz",
      "integrity": "sha512-F/1DnUGPopORZi0ni+CvrCgHQ5FyEAHRLSApuYWMmrbSwoN2Mn/7k+Gl38gJnR7yyDZk6WLXwiGod1JOWNDKGw=="
    },
    "ts-debounce": {
      "version": "4.0.0",
      "resolved": "https://registry.npmmirror.com/ts-debounce/-/ts-debounce-4.0.0.tgz",
      "integrity": "sha512-+1iDGY6NmOGidq7i7xZGA4cm8DAa6fqdYcvO5Z6yBevH++Bdo9Qt/mN0TzHUgcCcKv1gmh9+W5dHqz8pMWbCbg==",
      "dev": true
    },
    "vue-template-compiler": {
      "version": "2.7.3",
      "resolved": "https://registry.npmmirror.com/vue-template-compiler/-/vue-template-compiler-2.7.3.tgz",
      "integrity": "sha512-QKcV4vj9akZ2zSD1+F7tci3aXpRe5DXU3TZ/ZWJPE9gInXD5UoV+Q2PrCaplj4IGIK8JXRHYaSvOXkOn7tg9Og==",
      "requires": {
        "de-indent": "^1.0.2",
        "he": "^1.2.0"
      }
    },
    "vuepress-plugin-cursor-effects": {
      "version": "1.1.6",
      "resolved": "https://registry.npmmirror.com/vuepress-plugin-cursor-effects/-/vuepress-plugin-cursor-effects-1.1.6.tgz",
      "integrity": "sha512-4qXL2flMQcd6ecp+LhdChspobhdb9fkAfmRjRs2K3a/DiwtQtOE24jaVFCClwhfDpYuRe48a0KVeROYkdiWuXg==",
      "dev": true,
      "requires": {
        "@moefy-canvas/theme-popper": "^0.5.2"
      }
    }
  }
}
